
Microsoft Visual Studio Solution File, Format Version 12.00
# Visual Studio 15
VisualStudioVersion = 15.0.28307.421
MinimumVisualStudioVersion = 10.0.40219.1
Project("{FAE04EC0-301F-11D3-BF4B-00C04F79EFBC}") = "Chat", "Chat\Chat.csproj", "{2AD76FB1-99EA-43FF-97FA-BDC8334E7FED}"
EndProject
Project("{FAE04EC0-301F-11D3-BF4B-00C04F79EFBC}") = "Repository", "Repository\Repository.csproj", "{C7732117-2211-42DC-A3D6-FEC00BE0C9C5}"
EndProject
Project("{FAE04EC0-301F-11D3-BF4B-00C04F79EFBC}") = "Services", "Services\Services.csproj", "{782E77B2-5A04-4345-B1D2-C9616958E13C}"
EndProject
Project("{FAE04EC0-301F-11D3-BF4B-00C04F79EFBC}") = "Shared", "Shared\Shared.csproj", "{FC4ED6D9-6C28-4680-A064-344E932B5A17}"
EndProject
Global
	GlobalSection(SolutionConfigurationPlatforms) = preSolution
		Debug|Any CPU = Debug|Any CPU
		Release|Any CPU = Release|Any CPU
	EndGlobalSection
	GlobalSection(ProjectConfigurationPlatforms) = postSolution
		{2AD76FB1-99EA-43FF-97FA-BDC8334E7FED}.Debug|Any CPU.ActiveCfg = Debug|Any CPU
		{2AD76FB1-99EA-43FF-97FA-BDC8334E7FED}.Debug|Any CPU.Build.0 = Debug|Any CPU
		{2AD76FB1-99EA-43FF-97FA-BDC8334E7FED}.Release|Any CPU.ActiveCfg = Release|Any CPU
		{2AD76FB1-99EA-43FF-97FA-BDC8334E7FED}.Release|Any CPU.Build.0 = Release|Any CPU
		{C7732117-2211-42DC-A3D6-FEC00BE0C9C5}.Debug|Any CPU.ActiveCfg = Debug|Any CPU
		{C7732117-2211-42DC-A3D6-FEC00BE0C9C5}.Debug|Any CPU.Build.0 = Debug|Any CPU
		{C7732117-2211-42DC-A3D6-FEC00BE0C9C5}.Release|Any CPU.ActiveCfg = Release|Any CPU
		{C7732117-2211-42DC-A3D6-FEC00BE0C9C5}.Release|Any CPU.Build.0 = Release|Any CPU
		{782E77B2-5A04-4345-B1D2-C9616958E13C}.Debug|Any CPU.ActiveCfg = Debug|Any CPU
		{782E77B2-5A04-4345-B1D2-C9616958E13C}.Debug|Any CPU.Build.0 = Debug|Any CPU
		{782E77B2-5A04-4345-B1D2-C9616958E13C}.Release|Any CPU.ActiveCfg = Release|Any CPU
		{782E77B2-5A04-4345-B1D2-C9616958E13C}.Release|Any CPU.Build.0 = Release|Any CPU
		{FC4ED6D9-6C28-4680-A064-344E932B5A17}.Debug|Any CPU.ActiveCfg = Debug|Any CPU
		{FC4ED6D9-6C28-4680-A064-344E932B5A17}.Debug|Any CPU.Build.0 = Debug|Any CPU
		{FC4ED6D9-6C28-4680-A064-344E932B5A17}.Release|Any CPU.ActiveCfg = Release|Any CPU
		{FC4ED6D9-6C28-4680-A064-344E932B5A17}.Release|Any CPU.Build.0 = Release|Any CPU
	EndGlobalSection
	GlobalSection(SolutionProperties) = preSolution
		HideSolutionNode = FALSE
	EndGlobalSection
	GlobalSection(ExtensibilityGlobals) = postSolution
		SolutionGuid = {24622010-D42B-4984-A6F5-91DE25962201}
	EndGlobalSection
EndGlobal
